# THIS IS AN AUTOGENERATED FILE. DO NOT EDIT THIS FILE DIRECTLY.
# yarn lockfile v1


"@types/node@^16.4.0":
  "integrity" "sha512-HrJuE7Mlqcjj+00JqMWpZ3tY8w7EUd+S0U3L1+PQSWiXZbOgyQDvi+ogoUxaHApPJq5diKxYBQwA3iIlNcPqOg=="
  "resolved" "https://registry.npmjs.org/@types/node/-/node-16.4.0.tgz"
  "version" "16.4.0"

"date-fns@^2.22.1":
  "integrity" "sha512-yUFPQjrxEmIsMqlHhAhmxkuH769baF21Kk+nZwZGyrMoyLA+LugaQtC0+Tqf9CBUUULWwUJt6Q5ySI3LJDDCGg=="
  "resolved" "https://registry.npmjs.org/date-fns/-/date-fns-2.22.1.tgz"
  "version" "2.22.1"
